
Microsoft Visual Studio Solution File, Format Version 12.00
# Visual Studio Version 17
VisualStudioVersion = 17.9.34728.123
MinimumVisualStudioVersion = 10.0.40219.1
Project("{FAE04EC0-301F-11D3-BF4B-00C04F79EFBC}") = "Cronos", "Cronos\Cronos.csproj", "{CCF1D6F1-7D59-4969-997D-14EDBC80094B}"
EndProject
Global
	GlobalSection(SolutionConfigurationPlatforms) = preSolution
		Debug|Any CPU = Debug|Any CPU
		Release|Any CPU = Release|Any CPU
	EndGlobalSection
	GlobalSection(ProjectConfigurationPlatforms) = postSolution
		{CCF1D6F1-7D59-4969-997D-14EDBC80094B}.Debug|Any CPU.ActiveCfg = Debug|Any CPU
		{CCF1D6F1-7D59-4969-997D-14EDBC80094B}.Debug|Any CPU.Build.0 = Debug|Any CPU
		{CCF1D6F1-7D59-4969-997D-14EDBC80094B}.Release|Any CPU.ActiveCfg = Release|Any CPU
		{CCF1D6F1-7D59-4969-997D-14EDBC80094B}.Release|Any CPU.Build.0 = Release|Any CPU
	EndGlobalSection
	GlobalSection(SolutionProperties) = preSolution
		HideSolutionNode = FALSE
	EndGlobalSection
	GlobalSection(ExtensibilityGlobals) = postSolution
		SolutionGuid = {4F3CC939-EEFD-4F80-9BF6-A4D3E6636C06}
	EndGlobalSection
EndGlobal
